github.com/adheeeem/bank v0.0.0-20230108155721-cee710c93fcd h1:pkKI147AfJSH0UHvWIJVrLJmFYxRkAAFWB3VYrFxwS4=
github.com/adheeeem/bank v0.0.0-20230108155721-cee710c93fcd/go.mod h1:fC9wyQXQr5YpUg6XEQdTWpH+mpUskYYO1gGSyBuEJU0=
github.com/adheeeem/bank v0.0.0-20230111172651-a2ffc414185d h1:7EC44/PAelb/tapCDgkjEy1Zc5F/d0qGb+xRiK3TX7Q=
github.com/adheeeem/bank v0.0.0-20230111172651-a2ffc414185d/go.mod h1:fC9wyQXQr5YpUg6XEQdTWpH+mpUskYYO1gGSyBuEJU0=
